Microsoft Visual Studio Solution File, Format Version 12.00
# Visual Studio Version 17
VisualStudioVersion = 17.5.2.0
MinimumVisualStudioVersion = 10.0.40219.1
Project("{FAE04EC0-301F-11D3-BF4B-00C04F79EFBC}") = "DotNetConceptLab", "DotNetConceptLab.csproj", "{C98956CF-9826-971E-60B8-7689AF3983C0}"
EndProject
Global
	GlobalSection(SolutionConfigurationPlatforms) = preSolution
		Debug|Any CPU = Debug|Any CPU
		Release|Any CPU = Release|Any CPU
	EndGlobalSection
	GlobalSection(ProjectConfigurationPlatforms) = postSolution
		{C98956CF-9826-971E-60B8-7689AF3983C0}.Debug|Any CPU.ActiveCfg = Debug|Any CPU
		{C98956CF-9826-971E-60B8-7689AF3983C0}.Debug|Any CPU.Build.0 = Debug|Any CPU
		{C98956CF-9826-971E-60B8-7689AF3983C0}.Release|Any CPU.ActiveCfg = Release|Any CPU
		{C98956CF-9826-971E-60B8-7689AF3983C0}.Release|Any CPU.Build.0 = Release|Any CPU
	EndGlobalSection
	GlobalSection(SolutionProperties) = preSolution
		HideSolutionNode = FALSE
	EndGlobalSection
	GlobalSection(ExtensibilityGlobals) = postSolution
		SolutionGuid = {2C3A750D-CF0A-4929-9853-3EDE2DD1FEB2}
	EndGlobalSection
EndGlobal
